
Microsoft Visual Studio Solution File, Format Version 12.00
# Visual Studio Version 17
VisualStudioVersion = 17.5.33414.496
MinimumVisualStudioVersion = 10.0.40219.1
Project("{FAE04EC0-301F-11D3-BF4B-00C04F79EFBC}") = "WebApplication1", "WebApplication1\WebApplication1.csproj", "{7D2BBC40-8F67-474C-B4FC-840EB7B90B7A}"
EndProject
Global
	GlobalSection(SolutionConfigurationPlatforms) = preSolution
		Debug|Any CPU = Debug|Any CPU
		Release|Any CPU = Release|Any CPU
	EndGlobalSection
	GlobalSection(ProjectConfigurationPlatforms) = postSolution
		{7D2BBC40-8F67-474C-B4FC-840EB7B90B7A}.Debug|Any CPU.ActiveCfg = Debug|Any CPU
		{7D2BBC40-8F67-474C-B4FC-840EB7B90B7A}.Debug|Any CPU.Build.0 = Debug|Any CPU
		{7D2BBC40-8F67-474C-B4FC-840EB7B90B7A}.Release|Any CPU.ActiveCfg = Release|Any CPU
		{7D2BBC40-8F67-474C-B4FC-840EB7B90B7A}.Release|Any CPU.Build.0 = Release|Any CPU
	EndGlobalSection
	GlobalSection(SolutionProperties) = preSolution
		HideSolutionNode = FALSE
	EndGlobalSection
	GlobalSection(ExtensibilityGlobals) = postSolution
		SolutionGuid = {D5766E2C-9FEF-433F-877F-8BD43E119028}
	EndGlobalSection
EndGlobal
